
Microsoft Visual Studio Solution File, Format Version 12.00
# Visual Studio Version 17
VisualStudioVersion = 17.9.34728.123
MinimumVisualStudioVersion = 10.0.40219.1
Project("{FAE04EC0-301F-11D3-BF4B-00C04F79EFBC}") = "11", "11.csproj", "{DF1643F3-9C2A-4476-A1DA-C378B5890F9C}"
EndProject
Global
	GlobalSection(SolutionConfigurationPlatforms) = preSolution
		Debug|Any CPU = Debug|Any CPU
		Release|Any CPU = Release|Any CPU
	EndGlobalSection
	GlobalSection(ProjectConfigurationPlatforms) = postSolution
		{DF1643F3-9C2A-4476-A1DA-C378B5890F9C}.Debug|Any CPU.ActiveCfg = Debug|Any CPU
		{DF1643F3-9C2A-4476-A1DA-C378B5890F9C}.Debug|Any CPU.Build.0 = Debug|Any CPU
		{DF1643F3-9C2A-4476-A1DA-C378B5890F9C}.Release|Any CPU.ActiveCfg = Release|Any CPU
		{DF1643F3-9C2A-4476-A1DA-C378B5890F9C}.Release|Any CPU.Build.0 = Release|Any CPU
	EndGlobalSection
	GlobalSection(SolutionProperties) = preSolution
		HideSolutionNode = FALSE
	EndGlobalSection
	GlobalSection(ExtensibilityGlobals) = postSolution
		SolutionGuid = {D993A89E-7E1A-48B5-8CC6-55B57AEC9B34}
	EndGlobalSection
EndGlobal
